{
  "name": "typescript",
  "version": "1.0.0",
  "lockfileVersion": 1,
  "requires": true,
  "dependencies": {
    "@types/lodash": {
      "version": "4.14.129",
      "resolved": "https://registry.npmjs.org/@types/lodash/-/lodash-4.14.129.tgz",
      "integrity": "sha512-oYaV0eSlnOacOr7i4X1FFdH8ttSlb57gu3I9MuStIv2CYkISEY84dNHYsC3bF6sNH7qYcu1BtVrCtQ8Q4KPTfQ==",
      "dev": true
    },
    "lodash": {
      "version": "4.14.2",
      "resolved": "https://registry.npmjs.org/lodash/-/lodash-4.14.2.tgz",
      "integrity": "sha1-u8zOY3OkAPv9CoxnykL20e9BZDI="
    }
  }
}
